// !$*UTF8*$!
{
	archiveVersion = 1;
	classes = {
	};
	objectVersion = 46;
	objects = {

/* Begin PBXBuildFile section */
		225A6E701D69455F00744546 /* SumaryController.swift in Sources */ = {isa = PBXBuildFile; fileRef = 225A6E6F1D69455F00744546 /* SumaryController.swift */; };
		225A6E731D69F6DC00744546 /* ReservationViewController.swift in Sources */ = {isa = PBXBuildFile; fileRef = 225A6E721D69F6DC00744546 /* ReservationViewController.swift */; };
		225A6E751D69F72800744546 /* SocialViewController.swift in Sources */ = {isa = PBXBuildFile; fileRef = 225A6E741D69F72800744546 /* SocialViewController.swift */; };
		22850F241D60242C00B3E6FC /* Fabric.framework in Frameworks */ = {isa = PBXBuildFile; fileRef = 22850F201D60242C00B3E6FC /* Fabric.framework */; };
		22850F251D60242C00B3E6FC /* TwitterKit.framework in Frameworks */ = {isa = PBXBuildFile; fileRef = 22850F211D60242C00B3E6FC /* TwitterKit.framework */; };
		22850F261D60242C00B3E6FC /* TwitterKitResources.bundle in Resources */ = {isa = PBXBuildFile; fileRef = 22850F221D60242C00B3E6FC /* TwitterKitResources.bundle */; };
		22850F271D60242C00B3E6FC /* TwitterCore.framework in Frameworks */ = {isa = PBXBuildFile; fileRef = 22850F231D60242C00B3E6FC /* TwitterCore.framework */; };
		22DEEBF71D5FF92C008B5EA9 /* AppDelegate.swift in Sources */ = {isa = PBXBuildFile; fileRef = 22DEEBF61D5FF92C008B5EA9 /* AppDelegate.swift */; };
		22DEEBF91D5FF92C008B5EA9 /* ViewController.swift in Sources */ = {isa = PBXBuildFile; fileRef = 22DEEBF81D5FF92C008B5EA9 /* ViewController.swift */; };
		22DEEBFC1D5FF92C008B5EA9 /* Main.storyboard in Resources */ = {isa = PBXBuildFile; fileRef = 22DEEBFA1D5FF92C008B5EA9 /* Main.storyboard */; };
		22DEEBFF1D5FF92C008B5EA9 /* cielo.xcdatamodeld in Sources */ = {isa = PBXBuildFile; fileRef = 22DEEBFD1D5FF92C008B5EA9 /* cielo.xcdatamodeld */; };
		22DEEC011D5FF92C008B5EA9 /* Assets.xcassets in Resources */ = {isa = PBXBuildFile; fileRef = 22DEEC001D5FF92C008B5EA9 /* Assets.xcassets */; };
		22DEEC041D5FF92C008B5EA9 /* LaunchScreen.storyboard in Resources */ = {isa = PBXBuildFile; fileRef = 22DEEC021D5FF92C008B5EA9 /* LaunchScreen.storyboard */; };
		22E290881D84EE35005B4FB9 /* Interface.storyboard in Resources */ = {isa = PBXBuildFile; fileRef = 22E290861D84EE35005B4FB9 /* Interface.storyboard */; };
		22E2908A1D84EE35005B4FB9 /* Assets.xcassets in Resources */ = {isa = PBXBuildFile; fileRef = 22E290891D84EE35005B4FB9 /* Assets.xcassets */; };
		22E290911D84EE35005B4FB9 /* cielo-wrist Extension.appex in Embed App Extensions */ = {isa = PBXBuildFile; fileRef = 22E290901D84EE35005B4FB9 /* cielo-wrist Extension.appex */; settings = {ATTRIBUTES = (RemoveHeadersOnCopy, ); }; };
		22E290981D84EE35005B4FB9 /* InterfaceController.swift in Sources */ = {isa = PBXBuildFile; fileRef = 22E290971D84EE35005B4FB9 /* InterfaceController.swift */; };
		22E2909A1D84EE35005B4FB9 /* ExtensionDelegate.swift in Sources */ = {isa = PBXBuildFile; fileRef = 22E290991D84EE35005B4FB9 /* ExtensionDelegate.swift */; };
		22E2909C1D84EE35005B4FB9 /* NotificationController.swift in Sources */ = {isa = PBXBuildFile; fileRef = 22E2909B1D84EE35005B4FB9 /* NotificationController.swift */; };
		22E2909E1D84EE35005B4FB9 /* Assets.xcassets in Resources */ = {isa = PBXBuildFile; fileRef = 22E2909D1D84EE35005B4FB9 /* Assets.xcassets */; };
		22E290A21D84EE35005B4FB9 /* cielo-wrist.app in Embed Watch Content */ = {isa = PBXBuildFile; fileRef = 22E290841D84EE35005B4FB9 /* cielo-wrist.app */; };
		22E290AC1D89FD92005B4FB9 /* EstimoteSDK.framework in Frameworks */ = {isa = PBXBuildFile; fileRef = 22E290AB1D89FD92005B4FB9 /* EstimoteSDK.framework */; };
		22E290AE1D8AD5DC005B4FB9 /* CoreLocation.framework in Frameworks */ = {isa = PBXBuildFile; fileRef = 22E290AD1D8AD5DC005B4FB9 /* CoreLocation.framework */; };
		22E290B01D8AD5E5005B4FB9 /* CoreBluetooth.framework in Frameworks */ = {isa = PBXBuildFile; fileRef = 22E290AF1D8AD5E5005B4FB9 /* CoreBluetooth.framework */; };
		22E290B21D8AD5FB005B4FB9 /* SystemConfiguration.framework in Frameworks */ = {isa = PBXBuildFile; fileRef = 22E290B11D8AD5FB005B4FB9 /* SystemConfiguration.framework */; };
		22E9755D1D6F7B6E00FCB459 /* home.png in Resources */ = {isa = PBXBuildFile; fileRef = 22E9755C1D6F7B6E00FCB459 /* home.png */; };
		22E9755F1D6F7B7300FCB459 /* home@2x.png in Resources */ = {isa = PBXBuildFile; fileRef = 22E9755E1D6F7B7300FCB459 /* home@2x.png */; };
		22E975611D6F7B7800FCB459 /* home@3x.png in Resources */ = {isa = PBXBuildFile; fileRef = 22E975601D6F7B7800FCB459 /* home@3x.png */; };
		22E975631D6F8BF200FCB459 /* date.png in Resources */ = {isa = PBXBuildFile; fileRef = 22E975621D6F8BF200FCB459 /* date.png */; };
		22E975651D6F8BF700FCB459 /* date@2x.png in Resources */ = {isa = PBXBuildFile; fileRef = 22E975641D6F8BF700FCB459 /* date@2x.png */; };
		22E975671D6F8BFB00FCB459 /* date@3x.png in Resources */ = {isa = PBXBuildFile; fileRef = 22E975661D6F8BFB00FCB459 /* date@3x.png */; };
		22E975691D6F8D4D00FCB459 /* direction.png in Resources */ = {isa = PBXBuildFile; fileRef = 22E975681D6F8D4D00FCB459 /* direction.png */; };
		22E9756B1D6F8D5200FCB459 /* direction@2x.png in Resources */ = {isa = PBXBuildFile; fileRef = 22E9756A1D6F8D5200FCB459 /* direction@2x.png */; };
		22E9756D1D6F8D5600FCB459 /* direction@3x.png in Resources */ = {isa = PBXBuildFile; fileRef = 22E9756C1D6F8D5600FCB459 /* direction@3x.png */; };
		22E9756F1D79AEAF00FCB459 /* cielo.png in Resources */ = {isa = PBXBuildFile; fileRef = 22E9756E1D79AEAF00FCB459 /* cielo.png */; };
		22E975711D79CF0000FCB459 /* bullet.png in Resources */ = {isa = PBXBuildFile; fileRef = 22E975701D79CF0000FCB459 /* bullet.png */; };
		22E975731D82453B00FCB459 /* StaysViewController.swift in Sources */ = {isa = PBXBuildFile; fileRef = 22E975721D82453B00FCB459 /* StaysViewController.swift */; };
/* End PBXBuildFile section */

/* Begin PBXContainerItemProxy section */
		22E290921D84EE35005B4FB9 /* PBXContainerItemProxy */ = {
			isa = PBXContainerItemProxy;
			containerPortal = 22DEEBEB1D5FF92C008B5EA9 /* Project object */;
			proxyType = 1;
			remoteGlobalIDString = 22E2908F1D84EE35005B4FB9;
			remoteInfo = "cielo-wrist Extension";
		};
		22E290A01D84EE35005B4FB9 /* PBXContainerItemProxy */ = {
			isa = PBXContainerItemProxy;
			containerPortal = 22DEEBEB1D5FF92C008B5EA9 /* Project object */;
			proxyType = 1;
			remoteGlobalIDString = 22E290831D84EE35005B4FB9;
			remoteInfo = "cielo-wrist";
		};
/* End PBXContainerItemProxy section */

/* Begin PBXCopyFilesBuildPhase section */
		22E290A81D84EE35005B4FB9 /* Embed App Extensions */ = {
			isa = PBXCopyFilesBuildPhase;
			buildActionMask = 2147483647;
			dstPath = "";
			dstSubfolderSpec = 13;
			files = (
				22E290911D84EE35005B4FB9 /* cielo-wrist Extension.appex in Embed App Extensions */,
			);
			name = "Embed App Extensions";
			runOnlyForDeploymentPostprocessing = 0;
		};
		22E290AA1D84EE35005B4FB9 /* Embed Watch Content */ = {
			isa = PBXCopyFilesBuildPhase;
			buildActionMask = 2147483647;
			dstPath = "$(CONTENTS_FOLDER_PATH)/Watch";
			dstSubfolderSpec = 16;
			files = (
				22E290A21D84EE35005B4FB9 /* cielo-wrist.app in Embed Watch Content */,
			);
			name = "Embed Watch Content";
			runOnlyForDeploymentPostprocessing = 0;
		};
/* End PBXCopyFilesBuildPhase section */

/* Begin PBXFileReference section */
		225A6E6F1D69455F00744546 /* SumaryController.swift */ = {isa = PBXFileReference; fileEncoding = 4; lastKnownFileType = sourcecode.swift; path = SumaryController.swift; sourceTree = "<group>"; };
		225A6E721D69F6DC00744546 /* ReservationViewController.swift */ = {isa = PBXFileReference; fileEncoding = 4; lastKnownFileType = sourcecode.swift; path = ReservationViewController.swift; sourceTree = "<group>"; };
		225A6E741D69F72800744546 /* SocialViewController.swift */ = {isa = PBXFileReference; fileEncoding = 4; lastKnownFileType = sourcecode.swift; path = SocialViewController.swift; sourceTree = "<group>"; };
		22850F201D60242C00B3E6FC /* Fabric.framework */ = {isa = PBXFileReference; lastKnownFileType = wrapper.framework; path = Fabric.framework; sourceTree = "<group>"; };
		22850F211D60242C00B3E6FC /* TwitterKit.framework */ = {isa = PBXFileReference; lastKnownFileType = wrapper.framework; path = TwitterKit.framework; sourceTree = "<group>"; };
		22850F221D60242C00B3E6FC /* TwitterKitResources.bundle */ = {isa = PBXFileReference; lastKnownFileType = "wrapper.plug-in"; name = TwitterKitResources.bundle; path = TwitterKit.framework/Versions/A/Resources/TwitterKitResources.bundle; sourceTree = "<group>"; };
		22850F231D60242C00B3E6FC /* TwitterCore.framework */ = {isa = PBXFileReference; lastKnownFileType = wrapper.framework; path = TwitterCore.framework; sourceTree = "<group>"; };
		22DEEBF31D5FF92C008B5EA9 /* cielo.app */ = {isa = PBXFileReference; explicitFileType = wrapper.application; includeInIndex = 0; path = cielo.app; sourceTree = BUILT_PRODUCTS_DIR; };
		22DEEBF61D5FF92C008B5EA9 /* AppDelegate.swift */ = {isa = PBXFileReference; lastKnownFileType = sourcecode.swift; path = AppDelegate.swift; sourceTree = "<group>"; };
		22DEEBF81D5FF92C008B5EA9 /* ViewController.swift */ = {isa = PBXFileReference; lastKnownFileType = sourcecode.swift; path = ViewController.swift; sourceTree = "<group>"; };
		22DEEBFB1D5FF92C008B5EA9 /* Base */ = {isa = PBXFileReference; lastKnownFileType = file.storyboard; name = Base; path = Base.lproj/Main.storyboard; sourceTree = "<group>"; };
		22DEEBFE1D5FF92C008B5EA9 /* cielo.xcdatamodel */ = {isa = PBXFileReference; lastKnownFileType = wrapper.xcdatamodel; path = cielo.xcdatamodel; sourceTree = "<group>"; };
		22DEEC001D5FF92C008B5EA9 /* Assets.xcassets */ = {isa = PBXFileReference; lastKnownFileType = folder.assetcatalog; path = Assets.xcassets; sourceTree = "<group>"; };
		22DEEC031D5FF92C008B5EA9 /* Base */ = {isa = PBXFileReference; lastKnownFileType = file.storyboard; name = Base; path = Base.lproj/LaunchScreen.storyboard; sourceTree = "<group>"; };
		22DEEC051D5FF92C008B5EA9 /* Info.plist */ = {isa = PBXFileReference; lastKnownFileType = text.plist.xml; path = Info.plist; sourceTree = "<group>"; };
		22E290841D84EE35005B4FB9 /* cielo-wrist.app */ = {isa = PBXFileReference; explicitFileType = wrapper.application; includeInIndex = 0; path = "cielo-wrist.app"; sourceTree = BUILT_PRODUCTS_DIR; };
		22E290871D84EE35005B4FB9 /* Base */ = {isa = PBXFileReference; lastKnownFileType = file.storyboard; name = Base; path = Base.lproj/Interface.storyboard; sourceTree = "<group>"; };
		22E290891D84EE35005B4FB9 /* Assets.xcassets */ = {isa = PBXFileReference; lastKnownFileType = folder.assetcatalog; path = Assets.xcassets; sourceTree = "<group>"; };
		22E2908B1D84EE35005B4FB9 /* Info.plist */ = {isa = PBXFileReference; lastKnownFileType = text.plist.xml; path = Info.plist; sourceTree = "<group>"; };
		22E290901D84EE35005B4FB9 /* cielo-wrist Extension.appex */ = {isa = PBXFileReference; explicitFileType = "wrapper.app-extension"; includeInIndex = 0; path = "cielo-wrist Extension.appex"; sourceTree = BUILT_PRODUCTS_DIR; };
		22E290961D84EE35005B4FB9 /* PushNotificationPayload.apns */ = {isa = PBXFileReference; lastKnownFileType = text; path = PushNotificationPayload.apns; sourceTree = "<group>"; };
		22E290971D84EE35005B4FB9 /* InterfaceController.swift */ = {isa = PBXFileReference; lastKnownFileType = sourcecode.swift; path = InterfaceController.swift; sourceTree = "<group>"; };
		22E290991D84EE35005B4FB9 /* ExtensionDelegate.swift */ = {isa = PBXFileReference; lastKnownFileType = sourcecode.swift; path = ExtensionDelegate.swift; sourceTree = "<group>"; };
		22E2909B1D84EE35005B4FB9 /* NotificationController.swift */ = {isa = PBXFileReference; lastKnownFileType = sourcecode.swift; path = NotificationController.swift; sourceTree = "<group>"; };
		22E2909D1D84EE35005B4FB9 /* Assets.xcassets */ = {isa = PBXFileReference; lastKnownFileType = folder.assetcatalog; path = Assets.xcassets; sourceTree = "<group>"; };
		22E2909F1D84EE35005B4FB9 /* Info.plist */ = {isa = PBXFileReference; lastKnownFileType = text.plist.xml; path = Info.plist; sourceTree = "<group>"; };
		22E290AB1D89FD92005B4FB9 /* EstimoteSDK.framework */ = {isa = PBXFileReference; lastKnownFileType = wrapper.framework; path = EstimoteSDK.framework; sourceTree = "<group>"; };
		22E290AD1D8AD5DC005B4FB9 /* CoreLocation.framework */ = {isa = PBXFileReference; lastKnownFileType = wrapper.framework; name = CoreLocation.framework; path = System/Library/Frameworks/CoreLocation.framework; sourceTree = SDKROOT; };
		22E290AF1D8AD5E5005B4FB9 /* CoreBluetooth.framework */ = {isa = PBXFileReference; lastKnownFileType = wrapper.framework; name = CoreBluetooth.framework; path = System/Library/Frameworks/CoreBluetooth.framework; sourceTree = SDKROOT; };
		22E290B11D8AD5FB005B4FB9 /* SystemConfiguration.framework */ = {isa = PBXFileReference; lastKnownFileType = wrapper.framework; name = SystemConfiguration.framework; path = System/Library/Frameworks/SystemConfiguration.framework; sourceTree = SDKROOT; };
		22E9755C1D6F7B6E00FCB459 /* home.png */ = {isa = PBXFileReference; lastKnownFileType = image.png; path = home.png; sourceTree = "<group>"; };
		22E9755E1D6F7B7300FCB459 /* home@2x.png */ = {isa = PBXFileReference; lastKnownFileType = image.png; path = "home@2x.png"; sourceTree = "<group>"; };
		22E975601D6F7B7800FCB459 /* home@3x.png */ = {isa = PBXFileReference; lastKnownFileType = image.png; path = "home@3x.png"; sourceTree = "<group>"; };
		22E975621D6F8BF200FCB459 /* date.png */ = {isa = PBXFileReference; lastKnownFileType = image.png; path = date.png; sourceTree = "<group>"; };
		22E975641D6F8BF700FCB459 /* date@2x.png */ = {isa = PBXFileReference; lastKnownFileType = image.png; path = "date@2x.png"; sourceTree = "<group>"; };
		22E975661D6F8BFB00FCB459 /* date@3x.png */ = {isa = PBXFileReference; lastKnownFileType = image.png; path = "date@3x.png"; sourceTree = "<group>"; };
		22E975681D6F8D4D00FCB459 /* direction.png */ = {isa = PBXFileReference; lastKnownFileType = image.png; path = direction.png; sourceTree = "<group>"; };
		22E9756A1D6F8D5200FCB459 /* direction@2x.png */ = {isa = PBXFileReference; lastKnownFileType = image.png; path = "direction@2x.png"; sourceTree = "<group>"; };
		22E9756C1D6F8D5600FCB459 /* direction@3x.png */ = {isa = PBXFileReference; lastKnownFileType = image.png; path = "direction@3x.png"; sourceTree = "<group>"; };
		22E9756E1D79AEAF00FCB459 /* cielo.png */ = {isa = PBXFileReference; lastKnownFileType = image.png; path = cielo.png; sourceTree = "<group>"; };
		22E975701D79CF0000FCB459 /* bullet.png */ = {isa = PBXFileReference; lastKnownFileType = image.png; path = bullet.png; sourceTree = "<group>"; };
		22E975721D82453B00FCB459 /* StaysViewController.swift */ = {isa = PBXFileReference; fileEncoding = 4; lastKnownFileType = sourcecode.swift; path = StaysViewController.swift; sourceTree = "<group>"; };
		22EA18B61D91A82C0094DB46 /* ObjCBridge.h */ = {isa = PBXFileReference; lastKnownFileType = sourcecode.c.h; path = ObjCBridge.h; sourceTree = "<group>"; };
/* End PBXFileReference section */

/* Begin PBXFrameworksBuildPhase section */
		22DEEBF01D5FF92C008B5EA9 /* Frameworks */ = {
			isa = PBXFrameworksBuildPhase;
			buildActionMask = 2147483647;
			files = (
				22E290B21D8AD5FB005B4FB9 /* SystemConfiguration.framework in Frameworks */,
				22E290B01D8AD5E5005B4FB9 /* CoreBluetooth.framework in Frameworks */,
				22E290AE1D8AD5DC005B4FB9 /* CoreLocation.framework in Frameworks */,
				22850F241D60242C00B3E6FC /* Fabric.framework in Frameworks */,
				22E290AC1D89FD92005B4FB9 /* EstimoteSDK.framework in Frameworks */,
				22850F271D60242C00B3E6FC /* TwitterCore.framework in Frameworks */,
				22850F251D60242C00B3E6FC /* TwitterKit.framework in Frameworks */,
			);
			runOnlyForDeploymentPostprocessing = 0;
		};
		22E2908D1D84EE35005B4FB9 /* Frameworks */ = {
			isa = PBXFrameworksBuildPhase;
			buildActionMask = 2147483647;
			files = (
			);
			runOnlyForDeploymentPostprocessing = 0;
		};
/* End PBXFrameworksBuildPhase section */

/* Begin PBXGroup section */
		225A6E6C1D66363400744546 /* images */ = {
			isa = PBXGroup;
			children = (
				22E975701D79CF0000FCB459 /* bullet.png */,
				22E975621D6F8BF200FCB459 /* date.png */,
				22E975641D6F8BF700FCB459 /* date@2x.png */,
				22E975661D6F8BFB00FCB459 /* date@3x.png */,
				22E9755C1D6F7B6E00FCB459 /* home.png */,
				22E9755E1D6F7B7300FCB459 /* home@2x.png */,
				22E975601D6F7B7800FCB459 /* home@3x.png */,
				22E9756E1D79AEAF00FCB459 /* cielo.png */,
				22E975681D6F8D4D00FCB459 /* direction.png */,
				22E9756A1D6F8D5200FCB459 /* direction@2x.png */,
				22E9756C1D6F8D5600FCB459 /* direction@3x.png */,
			);
			name = images;
			sourceTree = "<group>";
		};
		225A6E711D69F69700744546 /* views */ = {
			isa = PBXGroup;
			children = (
				22DEEBF81D5FF92C008B5EA9 /* ViewController.swift */,
				225A6E6F1D69455F00744546 /* SumaryController.swift */,
				225A6E721D69F6DC00744546 /* ReservationViewController.swift */,
				225A6E741D69F72800744546 /* SocialViewController.swift */,
				22E975721D82453B00FCB459 /* StaysViewController.swift */,
			);
			name = views;
			sourceTree = "<group>";
		};
		22DEEBEA1D5FF92C008B5EA9 = {
			isa = PBXGroup;
			children = (
				22EA18B61D91A82C0094DB46 /* ObjCBridge.h */,
				22E290B11D8AD5FB005B4FB9 /* SystemConfiguration.framework */,
				22E290AF1D8AD5E5005B4FB9 /* CoreBluetooth.framework */,
				22E290AD1D8AD5DC005B4FB9 /* CoreLocation.framework */,
				22E290AB1D89FD92005B4FB9 /* EstimoteSDK.framework */,
				22850F201D60242C00B3E6FC /* Fabric.framework */,
				22850F211D60242C00B3E6FC /* TwitterKit.framework */,
				22850F221D60242C00B3E6FC /* TwitterKitResources.bundle */,
				22850F231D60242C00B3E6FC /* TwitterCore.framework */,
				22DEEBF51D5FF92C008B5EA9 /* cielo */,
				22E290851D84EE35005B4FB9 /* cielo-wrist */,
				22E290941D84EE35005B4FB9 /* cielo-wrist Extension */,
				22DEEBF41D5FF92C008B5EA9 /* Products */,
			);
			sourceTree = "<group>";
		};
		22DEEBF41D5FF92C008B5EA9 /* Products */ = {
			isa = PBXGroup;
			children = (
				22DEEBF31D5FF92C008B5EA9 /* cielo.app */,
				22E290841D84EE35005B4FB9 /* cielo-wrist.app */,
				22E290901D84EE35005B4FB9 /* cielo-wrist Extension.appex */,
			);
			name = Products;
			sourceTree = "<group>";
		};
		22DEEBF51D5FF92C008B5EA9 /* cielo */ = {
			isa = PBXGroup;
			children = (
				225A6E711D69F69700744546 /* views */,
				225A6E6C1D66363400744546 /* images */,
				22DEEBF61D5FF92C008B5EA9 /* AppDelegate.swift */,
				22DEEBFA1D5FF92C008B5EA9 /* Main.storyboard */,
				22DEEC001D5FF92C008B5EA9 /* Assets.xcassets */,
				22DEEC021D5FF92C008B5EA9 /* LaunchScreen.storyboard */,
				22DEEC051D5FF92C008B5EA9 /* Info.plist */,
				22DEEBFD1D5FF92C008B5EA9 /* cielo.xcdatamodeld */,
			);
			path = cielo;
			sourceTree = "<group>";
		};
		22E290851D84EE35005B4FB9 /* cielo-wrist */ = {
			isa = PBXGroup;
			children = (
				22E290861D84EE35005B4FB9 /* Interface.storyboard */,
				22E290891D84EE35005B4FB9 /* Assets.xcassets */,
				22E2908B1D84EE35005B4FB9 /* Info.plist */,
			);
			path = "cielo-wrist";
			sourceTree = "<group>";
		};
		22E290941D84EE35005B4FB9 /* cielo-wrist Extension */ = {
			isa = PBXGroup;
			children = (
				22E290971D84EE35005B4FB9 /* InterfaceController.swift */,
				22E290991D84EE35005B4FB9 /* ExtensionDelegate.swift */,
				22E2909B1D84EE35005B4FB9 /* NotificationController.swift */,
				22E2909D1D84EE35005B4FB9 /* Assets.xcassets */,
				22E2909F1D84EE35005B4FB9 /* Info.plist */,
				22E290951D84EE35005B4FB9 /* Supporting Files */,
			);
			path = "cielo-wrist Extension";
			sourceTree = "<group>";
		};
		22E290951D84EE35005B4FB9 /* Supporting Files */ = {
			isa = PBXGroup;
			children = (
				22E290961D84EE35005B4FB9 /* PushNotificationPayload.apns */,
			);
			name = "Supporting Files";
			sourceTree = "<group>";
		};
/* End PBXGroup section */

/* Begin PBXNativeTarget section */
		22DEEBF21D5FF92C008B5EA9 /* cielo */ = {
			isa = PBXNativeTarget;
			buildConfigurationList = 22DEEC081D5FF92C008B5EA9 /* Build configuration list for PBXNativeTarget "cielo" */;
			buildPhases = (
				22DEEBEF1D5FF92C008B5EA9 /* Sources */,
				22DEEBF01D5FF92C008B5EA9 /* Frameworks */,
				22DEEBF11D5FF92C008B5EA9 /* Resources */,
				22850F1F1D60236D00B3E6FC /* ShellScript */,
				22E290AA1D84EE35005B4FB9 /* Embed Watch Content */,
			);
			buildRules = (
			);
			dependencies = (
				22E290A11D84EE35005B4FB9 /* PBXTargetDependency */,
			);
			name = cielo;
			productName = cielo;
			productReference = 22DEEBF31D5FF92C008B5EA9 /* cielo.app */;
			productType = "com.apple.product-type.application";
		};
		22E290831D84EE35005B4FB9 /* cielo-wrist */ = {
			isa = PBXNativeTarget;
			buildConfigurationList = 22E290A91D84EE35005B4FB9 /* Build configuration list for PBXNativeTarget "cielo-wrist" */;
			buildPhases = (
				22E290821D84EE35005B4FB9 /* Resources */,
				22E290A81D84EE35005B4FB9 /* Embed App Extensions */,
			);
			buildRules = (
			);
			dependencies = (
				22E290931D84EE35005B4FB9 /* PBXTargetDependency */,
			);
			name = "cielo-wrist";
			productName = "cielo-wrist";
			productReference = 22E290841D84EE35005B4FB9 /* cielo-wrist.app */;
			productType = "com.apple.product-type.application.watchapp2";
		};
		22E2908F1D84EE35005B4FB9 /* cielo-wrist Extension */ = {
			isa = PBXNativeTarget;
			buildConfigurationList = 22E290A71D84EE35005B4FB9 /* Build configuration list for PBXNativeTarget "cielo-wrist Extension" */;
			buildPhases = (
				22E2908C1D84EE35005B4FB9 /* Sources */,
				22E2908D1D84EE35005B4FB9 /* Frameworks */,
				22E2908E1D84EE35005B4FB9 /* Resources */,
			);
			buildRules = (
			);
			dependencies = (
			);
			name = "cielo-wrist Extension";
			productName = "cielo-wrist Extension";
			productReference = 22E290901D84EE35005B4FB9 /* cielo-wrist Extension.appex */;
			productType = "com.apple.product-type.watchkit2-extension";
		};
/* End PBXNativeTarget section */

/* Begin PBXProject section */
		22DEEBEB1D5FF92C008B5EA9 /* Project object */ = {
			isa = PBXProject;
			attributes = {
				LastSwiftUpdateCheck = 0730;
				LastUpgradeCheck = 0730;
				ORGANIZATIONNAME = IBM;
				TargetAttributes = {
					22DEEBF21D5FF92C008B5EA9 = {
						CreatedOnToolsVersion = 7.3.1;
						LastSwiftMigration = 0800;
					};
					22E290831D84EE35005B4FB9 = {
						CreatedOnToolsVersion = 7.3.1;
						LastSwiftMigration = 0800;
					};
					22E2908F1D84EE35005B4FB9 = {
						CreatedOnToolsVersion = 7.3.1;
						LastSwiftMigration = 0800;
					};
				};
			};
			buildConfigurationList = 22DEEBEE1D5FF92C008B5EA9 /* Build configuration list for PBXProject "cielo" */;
			compatibilityVersion = "Xcode 3.2";
			developmentRegion = English;
			hasScannedForEncodings = 0;
			knownRegions = (
				en,
				Base,
			);
			mainGroup = 22DEEBEA1D5FF92C008B5EA9;
			productRefGroup = 22DEEBF41D5FF92C008B5EA9 /* Products */;
			projectDirPath = "";
			projectRoot = "";
			targets = (
				22DEEBF21D5FF92C008B5EA9 /* cielo */,
				22E290831D84EE35005B4FB9 /* cielo-wrist */,
				22E2908F1D84EE35005B4FB9 /* cielo-wrist Extension */,
			);
		};
/* End PBXProject section */

/* Begin PBXResourcesBuildPhase section */
		22DEEBF11D5FF92C008B5EA9 /* Resources */ = {
			isa = PBXResourcesBuildPhase;
			buildActionMask = 2147483647;
			files = (
				22850F261D60242C00B3E6FC /* TwitterKitResources.bundle in Resources */,
				22DEEC041D5FF92C008B5EA9 /* LaunchScreen.storyboard in Resources */,
				22E975651D6F8BF700FCB459 /* date@2x.png in Resources */,
				22E975631D6F8BF200FCB459 /* date.png in Resources */,
				22E975611D6F7B7800FCB459 /* home@3x.png in Resources */,
				22E9755D1D6F7B6E00FCB459 /* home.png in Resources */,
				22DEEC011D5FF92C008B5EA9 /* Assets.xcassets in Resources */,
				22E975711D79CF0000FCB459 /* bullet.png in Resources */,
				22E9756D1D6F8D5600FCB459 /* direction@3x.png in Resources */,
				22E9755F1D6F7B7300FCB459 /* home@2x.png in Resources */,
				22E9756B1D6F8D5200FCB459 /* direction@2x.png in Resources */,
				22E9756F1D79AEAF00FCB459 /* cielo.png in Resources */,
				22E975691D6F8D4D00FCB459 /* direction.png in Resources */,
				22DEEBFC1D5FF92C008B5EA9 /* Main.storyboard in Resources */,
				22E975671D6F8BFB00FCB459 /* date@3x.png in Resources */,
			);
			runOnlyForDeploymentPostprocessing = 0;
		};
		22E290821D84EE35005B4FB9 /* Resources */ = {
			isa = PBXResourcesBuildPhase;
			buildActionMask = 2147483647;
			files = (
				22E2908A1D84EE35005B4FB9 /* Assets.xcassets in Resources */,
				22E290881D84EE35005B4FB9 /* Interface.storyboard in Resources */,
			);
			runOnlyForDeploymentPostprocessing = 0;
		};
		22E2908E1D84EE35005B4FB9 /* Resources */ = {
			isa = PBXResourcesBuildPhase;
			buildActionMask = 2147483647;
			files = (
				22E2909E1D84EE35005B4FB9 /* Assets.xcassets in Resources */,
			);
			runOnlyForDeploymentPostprocessing = 0;
		};
/* End PBXResourcesBuildPhase section */

/* Begin PBXShellScriptBuildPhase section */
		22850F1F1D60236D00B3E6FC /* ShellScript */ = {
			isa = PBXShellScriptBuildPhase;
			buildActionMask = 2147483647;
			files = (
			);
			inputPaths = (
			);
			outputPaths = (
			);
			runOnlyForDeploymentPostprocessing = 0;
			shellPath = /bin/sh;
			shellScript = "./Fabric.framework/run 3250f6a88b8a360aee8daa26c98be9465ae59290 fc6abcd338518bb529cc3cc640cd87a1013b2a0dd8a143156b4bdbf9d4484ac8";
		};
/* End PBXShellScriptBuildPhase section */

/* Begin PBXSourcesBuildPhase section */
		22DEEBEF1D5FF92C008B5EA9 /* Sources */ = {
			isa = PBXSourcesBuildPhase;
			buildActionMask = 2147483647;
			files = (
				22E975731D82453B00FCB459 /* StaysViewController.swift in Sources */,
				225A6E731D69F6DC00744546 /* ReservationViewController.swift in Sources */,
				22DEEBF91D5FF92C008B5EA9 /* ViewController.swift in Sources */,
				22DEEBF71D5FF92C008B5EA9 /* AppDelegate.swift in Sources */,
				225A6E751D69F72800744546 /* SocialViewController.swift in Sources */,
				225A6E701D69455F00744546 /* SumaryController.swift in Sources */,
				22DEEBFF1D5FF92C008B5EA9 /* cielo.xcdatamodeld in Sources */,
			);
			runOnlyForDeploymentPostprocessing = 0;
		};
		22E2908C1D84EE35005B4FB9 /* Sources */ = {
			isa = PBXSourcesBuildPhase;
			buildActionMask = 2147483647;
			files = (
				22E2909C1D84EE35005B4FB9 /* NotificationController.swift in Sources */,
				22E2909A1D84EE35005B4FB9 /* ExtensionDelegate.swift in Sources */,
				22E290981D84EE35005B4FB9 /* InterfaceController.swift in Sources */,
			);
			runOnlyForDeploymentPostprocessing = 0;
		};
/* End PBXSourcesBuildPhase section */

/* Begin PBXTargetDependency section */
		22E290931D84EE35005B4FB9 /* PBXTargetDependency */ = {
			isa = PBXTargetDependency;
			target = 22E2908F1D84EE35005B4FB9 /* cielo-wrist Extension */;
			targetProxy = 22E290921D84EE35005B4FB9 /* PBXContainerItemProxy */;
		};
		22E290A11D84EE35005B4FB9 /* PBXTargetDependency */ = {
			isa = PBXTargetDependency;
			target = 22E290831D84EE35005B4FB9 /* cielo-wrist */;
			targetProxy = 22E290A01D84EE35005B4FB9 /* PBXContainerItemProxy */;
		};
/* End PBXTargetDependency section */

/* Begin PBXVariantGroup section */
		22DEEBFA1D5FF92C008B5EA9 /* Main.storyboard */ = {
			isa = PBXVariantGroup;
			children = (
				22DEEBFB1D5FF92C008B5EA9 /* Base */,
			);
			name = Main.storyboard;
			sourceTree = "<group>";
		};
		22DEEC021D5FF92C008B5EA9 /* LaunchScreen.storyboard */ = {
			isa = PBXVariantGroup;
			children = (
				22DEEC031D5FF92C008B5EA9 /* Base */,
			);
			name = LaunchScreen.storyboard;
			sourceTree = "<group>";
		};
		22E290861D84EE35005B4FB9 /* Interface.storyboard */ = {
			isa = PBXVariantGroup;
			children = (
				22E290871D84EE35005B4FB9 /* Base */,
			);
			name = Interface.storyboard;
			sourceTree = "<group>";
		};
/* End PBXVariantGroup section */

/* Begin XCBuildConfiguration section */
		22DEEC061D5FF92C008B5EA9 /* Debug */ = {
			isa = XCBuildConfiguration;
			buildSettings = {
				ALWAYS_SEARCH_USER_PATHS = NO;
				CLANG_ANALYZER_NONNULL = YES;
				CLANG_CXX_LANGUAGE_STANDARD = "gnu++0x";
				CLANG_CXX_LIBRARY = "libc++";
				CLANG_ENABLE_MODULES = YES;
				CLANG_ENABLE_OBJC_ARC = YES;
				CLANG_WARN_BOOL_CONVERSION = YES;
				CLANG_WARN_CONSTANT_CONVERSION = YES;
				CLANG_WARN_DIRECT_OBJC_ISA_USAGE = YES_ERROR;
				CLANG_WARN_EMPTY_BODY = YES;
				CLANG_WARN_ENUM_CONVERSION = YES;
				CLANG_WARN_INT_CONVERSION = YES;
				CLANG_WARN_OBJC_ROOT_CLASS = YES_ERROR;
				CLANG_WARN_UNREACHABLE_CODE = YES;
				CLANG_WARN__DUPLICATE_METHOD_MATCH = YES;
				"CODE_SIGN_IDENTITY[sdk=iphoneos*]" = "iPhone Developer";
				COPY_PHASE_STRIP = NO;
				DEBUG_INFORMATION_FORMAT = dwarf;
				ENABLE_STRICT_OBJC_MSGSEND = YES;
				ENABLE_TESTABILITY = YES;
				GCC_C_LANGUAGE_STANDARD = gnu99;
				GCC_DYNAMIC_NO_PIC = NO;
				GCC_NO_COMMON_BLOCKS = YES;
				GCC_OPTIMIZATION_LEVEL = 0;
				GCC_PREPROCESSOR_DEFINITIONS = (
					"DEBUG=1",
					"$(inherited)",
				);
				GCC_WARN_64_TO_32_BIT_CONVERSION = YES;
				GCC_WARN_ABOUT_RETURN_TYPE = YES_ERROR;
				GCC_WARN_UNDECLARED_SELECTOR = YES;
				GCC_WARN_UNINITIALIZED_AUTOS = YES_AGGRESSIVE;
				GCC_WARN_UNUSED_FUNCTION = YES;
				GCC_WARN_UNUSED_VARIABLE = YES;
				IPHONEOS_DEPLOYMENT_TARGET = 9.3;
				MTL_ENABLE_DEBUG_INFO = YES;
				ONLY_ACTIVE_ARCH = YES;
				SDKROOT = iphoneos;
				SWIFT_OPTIMIZATION_LEVEL = "-Onone";
			};
			name = Debug;
		};
		22DEEC071D5FF92C008B5EA9 /* Release */ = {
			isa = XCBuildConfiguration;
			buildSettings = {
				ALWAYS_SEARCH_USER_PATHS = NO;
				CLANG_ANALYZER_NONNULL = YES;
				CLANG_CXX_LANGUAGE_STANDARD = "gnu++0x";
				CLANG_CXX_LIBRARY = "libc++";
				CLANG_ENABLE_MODULES = YES;
				CLANG_ENABLE_OBJC_ARC = YES;
				CLANG_WARN_BOOL_CONVERSION = YES;
				CLANG_WARN_CONSTANT_CONVERSION = YES;
				CLANG_WARN_DIRECT_OBJC_ISA_USAGE = YES_ERROR;
				CLANG_WARN_EMPTY_BODY = YES;
				CLANG_WARN_ENUM_CONVERSION = YES;
				CLANG_WARN_INT_CONVERSION = YES;
				CLANG_WARN_OBJC_ROOT_CLASS = YES_ERROR;
				CLANG_WARN_UNREACHABLE_CODE = YES;
				CLANG_WARN__DUPLICATE_METHOD_MATCH = YES;
				"CODE_SIGN_IDENTITY[sdk=iphoneos*]" = "iPhone Developer";
				COPY_PHASE_STRIP = NO;
				DEBUG_INFORMATION_FORMAT = "dwarf-with-dsym";
				ENABLE_NS_ASSERTIONS = NO;
				ENABLE_STRICT_OBJC_MSGSEND = YES;
				GCC_C_LANGUAGE_STANDARD = gnu99;
				GCC_NO_COMMON_BLOCKS = YES;
				GCC_WARN_64_TO_32_BIT_CONVERSION = YES;
				GCC_WARN_ABOUT_RETURN_TYPE = YES_ERROR;
				GCC_WARN_UNDECLARED_SELECTOR = YES;
				GCC_WARN_UNINITIALIZED_AUTOS = YES_AGGRESSIVE;
				GCC_WARN_UNUSED_FUNCTION = YES;
				GCC_WARN_UNUSED_VARIABLE = YES;
				IPHONEOS_DEPLOYMENT_TARGET = 9.3;
				MTL_ENABLE_DEBUG_INFO = NO;
				SDKROOT = iphoneos;
				VALIDATE_PRODUCT = YES;
			};
			name = Release;
		};
		22DEEC091D5FF92C008B5EA9 /* Debug */ = {
			isa = XCBuildConfiguration;
			buildSettings = {
				ASSETCATALOG_COMPILER_APPICON_NAME = AppIcon;
				DEBUG_INFORMATION_FORMAT = "dwarf-with-dsym";
				FRAMEWORK_SEARCH_PATHS = (
					"$(inherited)",
					"$(PROJECT_DIR)",
				);
				INFOPLIST_FILE = cielo/Info.plist;
				LD_RUNPATH_SEARCH_PATHS = "$(inherited) @executable_path/Frameworks";
				PRODUCT_BUNDLE_IDENTIFIER = org.ibm.com.cielo;
				PRODUCT_NAME = "$(TARGET_NAME)";
				"SWIFT_OBJC_BRIDGING_HEADER[arch=*]" = "$(PROJECT_DIR)/ObjCBridge.h";
				SWIFT_VERSION = 3.0;
			};
			name = Debug;
		};
		22DEEC0A1D5FF92C008B5EA9 /* Release */ = {
			isa = XCBuildConfiguration;
			buildSettings = {
				ASSETCATALOG_COMPILER_APPICON_NAME = AppIcon;
				FRAMEWORK_SEARCH_PATHS = (
					"$(inherited)",
					"$(PROJECT_DIR)",
				);
				INFOPLIST_FILE = cielo/Info.plist;
				LD_RUNPATH_SEARCH_PATHS = "$(inherited) @executable_path/Frameworks";
				PRODUCT_BUNDLE_IDENTIFIER = org.ibm.com.cielo;
				PRODUCT_NAME = "$(TARGET_NAME)";
				"SWIFT_OBJC_BRIDGING_HEADER[arch=*]" = "$(PROJECT_DIR)/ObjCBridge.h";
				SWIFT_VERSION = 3.0;
			};
			name = Release;
		};
		22E290A31D84EE35005B4FB9 /* Debug */ = {
			isa = XCBuildConfiguration;
			buildSettings = {
				ASSETCATALOG_COMPILER_APPICON_NAME = AppIcon;
				EMBEDDED_CONTENT_CONTAINS_SWIFT = YES;
				IBSC_MODULE = cielo_wrist_Extension;
				INFOPLIST_FILE = "cielo-wrist/Info.plist";
				PRODUCT_BUNDLE_IDENTIFIER = org.ibm.com.cielo.watchkitapp;
				PRODUCT_NAME = "$(TARGET_NAME)";
				SDKROOT = watchos;
				SKIP_INSTALL = YES;
				SWIFT_VERSION = 3.0;
				TARGETED_DEVICE_FAMILY = 4;
				WATCHOS_DEPLOYMENT_TARGET = 2.2;
			};
			name = Debug;
		};
		22E290A41D84EE35005B4FB9 /* Release */ = {
			isa = XCBuildConfiguration;
			buildSettings = {
				ASSETCATALOG_COMPILER_APPICON_NAME = AppIcon;
				EMBEDDED_CONTENT_CONTAINS_SWIFT = YES;
				IBSC_MODULE = cielo_wrist_Extension;
				INFOPLIST_FILE = "cielo-wrist/Info.plist";
				PRODUCT_BUNDLE_IDENTIFIER = org.ibm.com.cielo.watchkitapp;
				PRODUCT_NAME = "$(TARGET_NAME)";
				SDKROOT = watchos;
				SKIP_INSTALL = YES;
				SWIFT_VERSION = 3.0;
				TARGETED_DEVICE_FAMILY = 4;
				WATCHOS_DEPLOYMENT_TARGET = 2.2;
			};
			name = Release;
		};
		22E290A51D84EE35005B4FB9 /* Debug */ = {
			isa = XCBuildConfiguration;
			buildSettings = {
				INFOPLIST_FILE = "cielo-wrist Extension/Info.plist";
				LD_RUNPATH_SEARCH_PATHS = "$(inherited) @executable_path/Frameworks @executable_path/../../Frameworks";
				PRODUCT_BUNDLE_IDENTIFIER = org.ibm.com.cielo.watchkitapp.watchkitextension;
				PRODUCT_NAME = "${TARGET_NAME}";
				SDKROOT = watchos;
				SKIP_INSTALL = YES;
				SWIFT_VERSION = 3.0;
				TARGETED_DEVICE_FAMILY = 4;
				WATCHOS_DEPLOYMENT_TARGET = 2.2;
			};
			name = Debug;
		};
		22E290A61D84EE35005B4FB9 /* Release */ = {
			isa = XCBuildConfiguration;
			buildSettings = {
				INFOPLIST_FILE = "cielo-wrist Extension/Info.plist";
				LD_RUNPATH_SEARCH_PATHS = "$(inherited) @executable_path/Frameworks @executable_path/../../Frameworks";
				PRODUCT_BUNDLE_IDENTIFIER = org.ibm.com.cielo.watchkitapp.watchkitextension;
				PRODUCT_NAME = "${TARGET_NAME}";
				SDKROOT = watchos;
				SKIP_INSTALL = YES;
				SWIFT_VERSION = 3.0;
				TARGETED_DEVICE_FAMILY = 4;
				WATCHOS_DEPLOYMENT_TARGET = 2.2;
			};
			name = Release;
		};
/* End XCBuildConfiguration section */

/* Begin XCConfigurationList section */
		22DEEBEE1D5FF92C008B5EA9 /* Build configuration list for PBXProject "cielo" */ = {
			isa = XCConfigurationList;
			buildConfigurations = (
				22DEEC061D5FF92C008B5EA9 /* Debug */,
				22DEEC071D5FF92C008B5EA9 /* Release */,
			);
			defaultConfigurationIsVisible = 0;
			defaultConfigurationName = Release;
		};
		22DEEC081D5FF92C008B5EA9 /* Build configuration list for PBXNativeTarget "cielo" */ = {
			isa = XCConfigurationList;
			buildConfigurations = (
				22DEEC091D5FF92C008B5EA9 /* Debug */,
				22DEEC0A1D5FF92C008B5EA9 /* Release */,
			);
			defaultConfigurationIsVisible = 0;
			defaultConfigurationName = Release;
		};
		22E290A71D84EE35005B4FB9 /* Build configuration list for PBXNativeTarget "cielo-wrist Extension" */ = {
			isa = XCConfigurationList;
			buildConfigurations = (
				22E290A51D84EE35005B4FB9 /* Debug */,
				22E290A61D84EE35005B4FB9 /* Release */,
			);
			defaultConfigurationIsVisible = 0;
			defaultConfigurationName = Release;
		};
		22E290A91D84EE35005B4FB9 /* Build configuration list for PBXNativeTarget "cielo-wrist" */ = {
			isa = XCConfigurationList;
			buildConfigurations = (
				22E290A31D84EE35005B4FB9 /* Debug */,
				22E290A41D84EE35005B4FB9 /* Release */,
			);
			defaultConfigurationIsVisible = 0;
			defaultConfigurationName = Release;
		};
/* End XCConfigurationList section */

/* Begin XCVersionGroup section */
		22DEEBFD1D5FF92C008B5EA9 /* cielo.xcdatamodeld */ = {
			isa = XCVersionGroup;
			children = (
				22DEEBFE1D5FF92C008B5EA9 /* cielo.xcdatamodel */,
			);
			currentVersion = 22DEEBFE1D5FF92C008B5EA9 /* cielo.xcdatamodel */;
			path = cielo.xcdatamodeld;
			sourceTree = "<group>";
			versionGroupType = wrapper.xcdatamodel;
		};
/* End XCVersionGroup section */
	};
	rootObject = 22DEEBEB1D5FF92C008B5EA9 /* Project object */;
}
